// !$*UTF8*$!
{
	archiveVersion = 1;
	classes = {
	};
	objectVersion = 55;
	objects = {

/* Begin PBXBuildFile section */
		C0BC56AF2887A85F0070529E /* HelloBluetoothApp.swift in Sources */ = {isa = PBXBuildFile; fileRef = C0BC569F2887A8480070529E /* HelloBluetoothApp.swift */; };
		C0BC56B02887A85F0070529E /* HelloBluetoothApp.swift in Sources */ = {isa = PBXBuildFile; fileRef = C0BC569F2887A8480070529E /* HelloBluetoothApp.swift */; };
		C0BC56B12887A85F0070529E /* ContentView.swift in Sources */ = {isa = PBXBuildFile; fileRef = C0BC56A02887A8480070529E /* ContentView.swift */; };
		C0BC56B22887A85F0070529E /* ContentView.swift in Sources */ = {isa = PBXBuildFile; fileRef = C0BC56A02887A8480070529E /* ContentView.swift */; };
		C0BC56B32887A85F0070529E /* Assets.xcassets in Resources */ = {isa = PBXBuildFile; fileRef = C0BC56A12887A85F0070529E /* Assets.xcassets */; };
		C0BC56B42887A85F0070529E /* Assets.xcassets in Resources */ = {isa = PBXBuildFile; fileRef = C0BC56A12887A85F0070529E /* Assets.xcassets */; };
		C0BC56BF2887A8EB0070529E /* BluetoothManager.swift in Sources */ = {isa = PBXBuildFile; fileRef = C0BC56BE2887A8EB0070529E /* BluetoothManager.swift */; };
		C0BC56C12887AD420070529E /* PeripheralList.swift in Sources */ = {isa = PBXBuildFile; fileRef = C0BC56C02887AD420070529E /* PeripheralList.swift */; };
		C0BC56C32887D5220070529E /* PeripheralDetail.swift in Sources */ = {isa = PBXBuildFile; fileRef = C0BC56C22887D5220070529E /* PeripheralDetail.swift */; };
/* End PBXBuildFile section */

/* Begin PBXFileReference section */
		C0BC569F2887A8480070529E /* HelloBluetoothApp.swift */ = {isa = PBXFileReference; lastKnownFileType = sourcecode.swift; path = HelloBluetoothApp.swift; sourceTree = "<group>"; };
		C0BC56A02887A8480070529E /* ContentView.swift */ = {isa = PBXFileReference; lastKnownFileType = sourcecode.swift; path = ContentView.swift; sourceTree = "<group>"; };
		C0BC56A12887A85F0070529E /* Assets.xcassets */ = {isa = PBXFileReference; lastKnownFileType = folder.assetcatalog; path = Assets.xcassets; sourceTree = "<group>"; };
		C0BC56A62887A85F0070529E /* HelloBluetooth.app */ = {isa = PBXFileReference; explicitFileType = wrapper.application; includeInIndex = 0; path = HelloBluetooth.app; sourceTree = BUILT_PRODUCTS_DIR; };
		C0BC56AC2887A85F0070529E /* HelloBluetooth.app */ = {isa = PBXFileReference; explicitFileType = wrapper.application; includeInIndex = 0; path = HelloBluetooth.app; sourceTree = BUILT_PRODUCTS_DIR; };
		C0BC56AE2887A85F0070529E /* macOS.entitlements */ = {isa = PBXFileReference; lastKnownFileType = text.plist.entitlements; path = macOS.entitlements; sourceTree = "<group>"; };
		C0BC56BE2887A8EB0070529E /* BluetoothManager.swift */ = {isa = PBXFileReference; lastKnownFileType = sourcecode.swift; path = BluetoothManager.swift; sourceTree = "<group>"; };
		C0BC56C02887AD420070529E /* PeripheralList.swift */ = {isa = PBXFileReference; lastKnownFileType = sourcecode.swift; path = PeripheralList.swift; sourceTree = "<group>"; };
		C0BC56C22887D5220070529E /* PeripheralDetail.swift */ = {isa = PBXFileReference; lastKnownFileType = sourcecode.swift; path = PeripheralDetail.swift; sourceTree = "<group>"; };
/* End PBXFileReference section */

/* Begin PBXFrameworksBuildPhase section */
		C0BC56A32887A85F0070529E /* Frameworks */ = {
			isa = PBXFrameworksBuildPhase;
			buildActionMask = 2147483647;
			files = (
			);
			runOnlyForDeploymentPostprocessing = 0;
		};
		C0BC56A92887A85F0070529E /* Frameworks */ = {
			isa = PBXFrameworksBuildPhase;
			buildActionMask = 2147483647;
			files = (
			);
			runOnlyForDeploymentPostprocessing = 0;
		};
/* End PBXFrameworksBuildPhase section */

/* Begin PBXGroup section */
		C0BC56992887A8480070529E = {
			isa = PBXGroup;
			children = (
				C0BC569E2887A8480070529E /* Shared */,
				C0BC56AD2887A85F0070529E /* macOS */,
				C0BC56A72887A85F0070529E /* Products */,
			);
			sourceTree = "<group>";
		};
		C0BC569E2887A8480070529E /* Shared */ = {
			isa = PBXGroup;
			children = (
				C0BC569F2887A8480070529E /* HelloBluetoothApp.swift */,
				C0BC56A02887A8480070529E /* ContentView.swift */,
				C0BC56C02887AD420070529E /* PeripheralList.swift */,
				C0BC56C22887D5220070529E /* PeripheralDetail.swift */,
				C0BC56BD2887A8D00070529E /* Bluetooth */,
				C0BC56A12887A85F0070529E /* Assets.xcassets */,
			);
			path = Shared;
			sourceTree = "<group>";
		};
		C0BC56A72887A85F0070529E /* Products */ = {
			isa = PBXGroup;
			children = (
				C0BC56A62887A85F0070529E /* HelloBluetooth.app */,
				C0BC56AC2887A85F0070529E /* HelloBluetooth.app */,
			);
			name = Products;
			sourceTree = "<group>";
		};
		C0BC56AD2887A85F0070529E /* macOS */ = {
			isa = PBXGroup;
			children = (
				C0BC56AE2887A85F0070529E /* macOS.entitlements */,
			);
			path = macOS;
			sourceTree = "<group>";
		};
		C0BC56BD2887A8D00070529E /* Bluetooth */ = {
			isa = PBXGroup;
			children = (
				C0BC56BE2887A8EB0070529E /* BluetoothManager.swift */,
			);
			path = Bluetooth;
			sourceTree = "<group>";
		};
/* End PBXGroup section */

/* Begin PBXNativeTarget section */
		C0BC56A52887A85F0070529E /* HelloBluetooth (iOS) */ = {
			isa = PBXNativeTarget;
			buildConfigurationList = C0BC56B72887A85F0070529E /* Build configuration list for PBXNativeTarget "HelloBluetooth (iOS)" */;
			buildPhases = (
				C0BC56A22887A85F0070529E /* Sources */,
				C0BC56A32887A85F0070529E /* Frameworks */,
				C0BC56A42887A85F0070529E /* Resources */,
			);
			buildRules = (
			);
			dependencies = (
			);
			name = "HelloBluetooth (iOS)";
			productName = "HelloBluetooth (iOS)";
			productReference = C0BC56A62887A85F0070529E /* HelloBluetooth.app */;
			productType = "com.apple.product-type.application";
		};
		C0BC56AB2887A85F0070529E /* HelloBluetooth (macOS) */ = {
			isa = PBXNativeTarget;
			buildConfigurationList = C0BC56BA2887A85F0070529E /* Build configuration list for PBXNativeTarget "HelloBluetooth (macOS)" */;
			buildPhases = (
				C0BC56A82887A85F0070529E /* Sources */,
				C0BC56A92887A85F0070529E /* Frameworks */,
				C0BC56AA2887A85F0070529E /* Resources */,
			);
			buildRules = (
			);
			dependencies = (
			);
			name = "HelloBluetooth (macOS)";
			productName = "HelloBluetooth (macOS)";
			productReference = C0BC56AC2887A85F0070529E /* HelloBluetooth.app */;
			productType = "com.apple.product-type.application";
		};
/* End PBXNativeTarget section */

/* Begin PBXProject section */
		C0BC569A2887A8480070529E /* Project object */ = {
			isa = PBXProject;
			attributes = {
				BuildIndependentTargetsInParallel = 1;
				LastSwiftUpdateCheck = 1340;
				LastUpgradeCheck = 1340;
				TargetAttributes = {
					C0BC56A52887A85F0070529E = {
						CreatedOnToolsVersion = 13.4.1;
					};
					C0BC56AB2887A85F0070529E = {
						CreatedOnToolsVersion = 13.4.1;
					};
				};
			};
			buildConfigurationList = C0BC569D2887A8480070529E /* Build configuration list for PBXProject "HelloBluetooth" */;
			compatibilityVersion = "Xcode 13.0";
			developmentRegion = en;
			hasScannedForEncodings = 0;
			knownRegions = (
				en,
				Base,
			);
			mainGroup = C0BC56992887A8480070529E;
			productRefGroup = C0BC56A72887A85F0070529E /* Products */;
			projectDirPath = "";
			projectRoot = "";
			targets = (
				C0BC56A52887A85F0070529E /* HelloBluetooth (iOS) */,
				C0BC56AB2887A85F0070529E /* HelloBluetooth (macOS) */,
			);
		};
/* End PBXProject section */

/* Begin PBXResourcesBuildPhase section */
		C0BC56A42887A85F0070529E /* Resources */ = {
			isa = PBXResourcesBuildPhase;
			buildActionMask = 2147483647;
			files = (
				C0BC56B32887A85F0070529E /* Assets.xcassets in Resources */,
			);
			runOnlyForDeploymentPostprocessing = 0;
		};
		C0BC56AA2887A85F0070529E /* Resources */ = {
			isa = PBXResourcesBuildPhase;
			buildActionMask = 2147483647;
			files = (
				C0BC56B42887A85F0070529E /* Assets.xcassets in Resources */,
			);
			runOnlyForDeploymentPostprocessing = 0;
		};
/* End PBXResourcesBuildPhase section */

/* Begin PBXSourcesBuildPhase section */
		C0BC56A22887A85F0070529E /* Sources */ = {
			isa = PBXSourcesBuildPhase;
			buildActionMask = 2147483647;
			files = (
				C0BC56B12887A85F0070529E /* ContentView.swift in Sources */,
				C0BC56C32887D5220070529E /* PeripheralDetail.swift in Sources */,
				C0BC56BF2887A8EB0070529E /* BluetoothManager.swift in Sources */,
				C0BC56AF2887A85F0070529E /* HelloBluetoothApp.swift in Sources */,
				C0BC56C12887AD420070529E /* PeripheralList.swift in Sources */,
			);
			runOnlyForDeploymentPostprocessing = 0;
		};
		C0BC56A82887A85F0070529E /* Sources */ = {
			isa = PBXSourcesBuildPhase;
			buildActionMask = 2147483647;
			files = (
				C0BC56B22887A85F0070529E /* ContentView.swift in Sources */,
				C0BC56B02887A85F0070529E /* HelloBluetoothApp.swift in Sources */,
			);
			runOnlyForDeploymentPostprocessing = 0;
		};
/* End PBXSourcesBuildPhase section */

/* Begin XCBuildConfiguration section */
		C0BC56B52887A85F0070529E /* Debug */ = {
			isa = XCBuildConfiguration;
			buildSettings = {
				ALWAYS_SEARCH_USER_PATHS = NO;
				CLANG_ANALYZER_NONNULL = YES;
				CLANG_ANALYZER_NUMBER_OBJECT_CONVERSION = YES_AGGRESSIVE;
				CLANG_CXX_LANGUAGE_STANDARD = "gnu++17";
				CLANG_ENABLE_MODULES = YES;
				CLANG_ENABLE_OBJC_ARC = YES;
				CLANG_ENABLE_OBJC_WEAK = YES;
				CLANG_WARN_BLOCK_CAPTURE_AUTORELEASING = YES;
				CLANG_WARN_BOOL_CONVERSION = YES;
				CLANG_WARN_COMMA = YES;
				CLANG_WARN_CONSTANT_CONVERSION = YES;
				CLANG_WARN_DEPRECATED_OBJC_IMPLEMENTATIONS = YES;
				CLANG_WARN_DIRECT_OBJC_ISA_USAGE = YES_ERROR;
				CLANG_WARN_DOCUMENTATION_COMMENTS = YES;
				CLANG_WARN_EMPTY_BODY = YES;
				CLANG_WARN_ENUM_CONVERSION = YES;
				CLANG_WARN_INFINITE_RECURSION = YES;
				CLANG_WARN_INT_CONVERSION = YES;
				CLANG_WARN_NON_LITERAL_NULL_CONVERSION = YES;
				CLANG_WARN_OBJC_IMPLICIT_RETAIN_SELF = YES;
				CLANG_WARN_OBJC_LITERAL_CONVERSION = YES;
				CLANG_WARN_OBJC_ROOT_CLASS = YES_ERROR;
				CLANG_WARN_QUOTED_INCLUDE_IN_FRAMEWORK_HEADER = YES;
				CLANG_WARN_RANGE_LOOP_ANALYSIS = YES;
				CLANG_WARN_STRICT_PROTOTYPES = YES;
				CLANG_WARN_SUSPICIOUS_MOVE = YES;
				CLANG_WARN_UNGUARDED_AVAILABILITY = YES_AGGRESSIVE;
				CLANG_WARN_UNREACHABLE_CODE = YES;
				CLANG_WARN__DUPLICATE_METHOD_MATCH = YES;
				COPY_PHASE_STRIP = NO;
				DEBUG_INFORMATION_FORMAT = dwarf;
				ENABLE_STRICT_OBJC_MSGSEND = YES;
				ENABLE_TESTABILITY = YES;
				GCC_C_LANGUAGE_STANDARD = gnu11;
				GCC_DYNAMIC_NO_PIC = NO;
				GCC_NO_COMMON_BLOCKS = YES;
				GCC_OPTIMIZATION_LEVEL = 0;
				GCC_PREPROCESSOR_DEFINITIONS = (
					"DEBUG=1",
					"$(inherited)",
				);
				GCC_WARN_64_TO_32_BIT_CONVERSION = YES;
				GCC_WARN_ABOUT_RETURN_TYPE = YES_ERROR;
				GCC_WARN_UNDECLARED_SELECTOR = YES;
				GCC_WARN_UNINITIALIZED_AUTOS = YES_AGGRESSIVE;
				GCC_WARN_UNUSED_FUNCTION = YES;
				GCC_WARN_UNUSED_VARIABLE = YES;
				MTL_ENABLE_DEBUG_INFO = INCLUDE_SOURCE;
				MTL_FAST_MATH = YES;
				ONLY_ACTIVE_ARCH = YES;
				SWIFT_ACTIVE_COMPILATION_CONDITIONS = DEBUG;
				SWIFT_OPTIMIZATION_LEVEL = "-Onone";
			};
			name = Debug;
		};
		C0BC56B62887A85F0070529E /* Release */ = {
			isa = XCBuildConfiguration;
			buildSettings = {
				ALWAYS_SEARCH_USER_PATHS = NO;
				CLANG_ANALYZER_NONNULL = YES;
				CLANG_ANALYZER_NUMBER_OBJECT_CONVERSION = YES_AGGRESSIVE;
				CLANG_CXX_LANGUAGE_STANDARD = "gnu++17";
				CLANG_ENABLE_MODULES = YES;
				CLANG_ENABLE_OBJC_ARC = YES;
				CLANG_ENABLE_OBJC_WEAK = YES;
				CLANG_WARN_BLOCK_CAPTURE_AUTORELEASING = YES;
				CLANG_WARN_BOOL_CONVERSION = YES;
				CLANG_WARN_COMMA = YES;
				CLANG_WARN_CONSTANT_CONVERSION = YES;
				CLANG_WARN_DEPRECATED_OBJC_IMPLEMENTATIONS = YES;
				CLANG_WARN_DIRECT_OBJC_ISA_USAGE = YES_ERROR;
				CLANG_WARN_DOCUMENTATION_COMMENTS = YES;
				CLANG_WARN_EMPTY_BODY = YES;
				CLANG_WARN_ENUM_CONVERSION = YES;
				CLANG_WARN_INFINITE_RECURSION = YES;
				CLANG_WARN_INT_CONVERSION = YES;
				CLANG_WARN_NON_LITERAL_NULL_CONVERSION = YES;
				CLANG_WARN_OBJC_IMPLICIT_RETAIN_SELF = YES;
				CLANG_WARN_OBJC_LITERAL_CONVERSION = YES;
				CLANG_WARN_OBJC_ROOT_CLASS = YES_ERROR;
				CLANG_WARN_QUOTED_INCLUDE_IN_FRAMEWORK_HEADER = YES;
				CLANG_WARN_RANGE_LOOP_ANALYSIS = YES;
				CLANG_WARN_STRICT_PROTOTYPES = YES;
				CLANG_WARN_SUSPICIOUS_MOVE = YES;
				CLANG_WARN_UNGUARDED_AVAILABILITY = YES_AGGRESSIVE;
				CLANG_WARN_UNREACHABLE_CODE = YES;
				CLANG_WARN__DUPLICATE_METHOD_MATCH = YES;
				COPY_PHASE_STRIP = NO;
				DEBUG_INFORMATION_FORMAT = "dwarf-with-dsym";
				ENABLE_NS_ASSERTIONS = NO;
				ENABLE_STRICT_OBJC_MSGSEND = YES;
				GCC_C_LANGUAGE_STANDARD = gnu11;
				GCC_NO_COMMON_BLOCKS = YES;
				GCC_WARN_64_TO_32_BIT_CONVERSION = YES;
				GCC_WARN_ABOUT_RETURN_TYPE = YES_ERROR;
				GCC_WARN_UNDECLARED_SELECTOR = YES;
				GCC_WARN_UNINITIALIZED_AUTOS = YES_AGGRESSIVE;
				GCC_WARN_UNUSED_FUNCTION = YES;
				GCC_WARN_UNUSED_VARIABLE = YES;
				MTL_ENABLE_DEBUG_INFO = NO;
				MTL_FAST_MATH = YES;
				SWIFT_COMPILATION_MODE = wholemodule;
				SWIFT_OPTIMIZATION_LEVEL = "-O";
			};
			name = Release;
		};
		C0BC56B82887A85F0070529E /* Debug */ = {
			isa = XCBuildConfiguration;
			buildSettings = {
				ASSETCATALOG_COMPILER_APPICON_NAME = AppIcon;
				ASSETCATALOG_COMPILER_GLOBAL_ACCENT_COLOR_NAME = AccentColor;
				CODE_SIGN_STYLE = Automatic;
				CURRENT_PROJECT_VERSION = 1;
				DEVELOPMENT_TEAM = WN2BCRJWNR;
				ENABLE_PREVIEWS = YES;
				GENERATE_INFOPLIST_FILE = YES;
				INFOPLIST_KEY_NSBluetoothAlwaysUsageDescription = "Bluetooth is needed to scan peripherals.";
				INFOPLIST_KEY_UIApplicationSceneManifest_Generation = YES;
				INFOPLIST_KEY_UIApplicationSupportsIndirectInputEvents = YES;
				INFOPLIST_KEY_UILaunchScreen_Generation = YES;
				INFOPLIST_KEY_UISupportedInterfaceOrientations_iPad = "UIInterfaceOrientationPortrait UIInterfaceOrientationPortraitUpsideDown UIInterfaceOrientationLandscapeLeft UIInterfaceOrientationLandscapeRight";
				INFOPLIST_KEY_UISupportedInterfaceOrientations_iPhone = "UIInterfaceOrientationPortrait UIInterfaceOrientationLandscapeLeft UIInterfaceOrientationLandscapeRight";
				IPHONEOS_DEPLOYMENT_TARGET = 15.0;
				LD_RUNPATH_SEARCH_PATHS = (
					"$(inherited)",
					"@executable_path/Frameworks",
				);
				MARKETING_VERSION = 1.0;
				PRODUCT_BUNDLE_IDENTIFIER = com.samsapplab.HelloBluetooth;
				PRODUCT_NAME = HelloBluetooth;
				SDKROOT = iphoneos;
				SWIFT_EMIT_LOC_STRINGS = YES;
				SWIFT_VERSION = 5.0;
				TARGETED_DEVICE_FAMILY = "1,2";
			};
			name = Debug;
		};
		C0BC56B92887A85F0070529E /* Release */ = {
			isa = XCBuildConfiguration;
			buildSettings = {
				ASSETCATALOG_COMPILER_APPICON_NAME = AppIcon;
				ASSETCATALOG_COMPILER_GLOBAL_ACCENT_COLOR_NAME = AccentColor;
				CODE_SIGN_STYLE = Automatic;
				CURRENT_PROJECT_VERSION = 1;
				DEVELOPMENT_TEAM = WN2BCRJWNR;
				ENABLE_PREVIEWS = YES;
				GENERATE_INFOPLIST_FILE = YES;
				INFOPLIST_KEY_NSBluetoothAlwaysUsageDescription = "Bluetooth is needed to scan peripherals.";
				INFOPLIST_KEY_UIApplicationSceneManifest_Generation = YES;
				INFOPLIST_KEY_UIApplicationSupportsIndirectInputEvents = YES;
				INFOPLIST_KEY_UILaunchScreen_Generation = YES;
				INFOPLIST_KEY_UISupportedInterfaceOrientations_iPad = "UIInterfaceOrientationPortrait UIInterfaceOrientationPortraitUpsideDown UIInterfaceOrientationLandscapeLeft UIInterfaceOrientationLandscapeRight";
				INFOPLIST_KEY_UISupportedInterfaceOrientations_iPhone = "UIInterfaceOrientationPortrait UIInterfaceOrientationLandscapeLeft UIInterfaceOrientationLandscapeRight";
				IPHONEOS_DEPLOYMENT_TARGET = 15.0;
				LD_RUNPATH_SEARCH_PATHS = (
					"$(inherited)",
					"@executable_path/Frameworks",
				);
				MARKETING_VERSION = 1.0;
				PRODUCT_BUNDLE_IDENTIFIER = com.samsapplab.HelloBluetooth;
				PRODUCT_NAME = HelloBluetooth;
				SDKROOT = iphoneos;
				SWIFT_EMIT_LOC_STRINGS = YES;
				SWIFT_VERSION = 5.0;
				TARGETED_DEVICE_FAMILY = "1,2";
				VALIDATE_PRODUCT = YES;
			};
			name = Release;
		};
		C0BC56BB2887A85F0070529E /* Debug */ = {
			isa = XCBuildConfiguration;
			buildSettings = {
				ASSETCATALOG_COMPILER_APPICON_NAME = AppIcon;
				ASSETCATALOG_COMPILER_GLOBAL_ACCENT_COLOR_NAME = AccentColor;
				CODE_SIGN_ENTITLEMENTS = macOS/macOS.entitlements;
				CODE_SIGN_STYLE = Automatic;
				COMBINE_HIDPI_IMAGES = YES;
				CURRENT_PROJECT_VERSION = 1;
				DEVELOPMENT_TEAM = WN2BCRJWNR;
				ENABLE_HARDENED_RUNTIME = YES;
				ENABLE_PREVIEWS = YES;
				GENERATE_INFOPLIST_FILE = YES;
				INFOPLIST_KEY_NSHumanReadableCopyright = "";
				LD_RUNPATH_SEARCH_PATHS = (
					"$(inherited)",
					"@executable_path/../Frameworks",
				);
				MACOSX_DEPLOYMENT_TARGET = 12.3;
				MARKETING_VERSION = 1.0;
				PRODUCT_BUNDLE_IDENTIFIER = com.samsapplab.HelloBluetooth;
				PRODUCT_NAME = HelloBluetooth;
				SDKROOT = macosx;
				SWIFT_EMIT_LOC_STRINGS = YES;
				SWIFT_VERSION = 5.0;
			};
			name = Debug;
		};
		C0BC56BC2887A85F0070529E /* Release */ = {
			isa = XCBuildConfiguration;
			buildSettings = {
				ASSETCATALOG_COMPILER_APPICON_NAME = AppIcon;
				ASSETCATALOG_COMPILER_GLOBAL_ACCENT_COLOR_NAME = AccentColor;
				CODE_SIGN_ENTITLEMENTS = macOS/macOS.entitlements;
				CODE_SIGN_STYLE = Automatic;
				COMBINE_HIDPI_IMAGES = YES;
				CURRENT_PROJECT_VERSION = 1;
				DEVELOPMENT_TEAM = WN2BCRJWNR;
				ENABLE_HARDENED_RUNTIME = YES;
				ENABLE_PREVIEWS = YES;
				GENERATE_INFOPLIST_FILE = YES;
				INFOPLIST_KEY_NSHumanReadableCopyright = "";
				LD_RUNPATH_SEARCH_PATHS = (
					"$(inherited)",
					"@executable_path/../Frameworks",
				);
				MACOSX_DEPLOYMENT_TARGET = 12.3;
				MARKETING_VERSION = 1.0;
				PRODUCT_BUNDLE_IDENTIFIER = com.samsapplab.HelloBluetooth;
				PRODUCT_NAME = HelloBluetooth;
				SDKROOT = macosx;
				SWIFT_EMIT_LOC_STRINGS = YES;
				SWIFT_VERSION = 5.0;
			};
			name = Release;
		};
/* End XCBuildConfiguration section */

/* Begin XCConfigurationList section */
		C0BC569D2887A8480070529E /* Build configuration list for PBXProject "HelloBluetooth" */ = {
			isa = XCConfigurationList;
			buildConfigurations = (
				C0BC56B52887A85F0070529E /* Debug */,
				C0BC56B62887A85F0070529E /* Release */,
			);
			defaultConfigurationIsVisible = 0;
			defaultConfigurationName = Release;
		};
		C0BC56B72887A85F0070529E /* Build configuration list for PBXNativeTarget "HelloBluetooth (iOS)" */ = {
			isa = XCConfigurationList;
			buildConfigurations = (
				C0BC56B82887A85F0070529E /* Debug */,
				C0BC56B92887A85F0070529E /* Release */,
			);
			defaultConfigurationIsVisible = 0;
			defaultConfigurationName = Release;
		};
		C0BC56BA2887A85F0070529E /* Build configuration list for PBXNativeTarget "HelloBluetooth (macOS)" */ = {
			isa = XCConfigurationList;
			buildConfigurations = (
				C0BC56BB2887A85F0070529E /* Debug */,
				C0BC56BC2887A85F0070529E /* Release */,
			);
			defaultConfigurationIsVisible = 0;
			defaultConfigurationName = Release;
		};
/* End XCConfigurationList section */
	};
	rootObject = C0BC569A2887A8480070529E /* Project object */;
}
